
Microsoft Visual Studio Solution File, Format Version 12.00
# Visual Studio 14
VisualStudioVersion = 14.0.25420.1
MinimumVisualStudioVersion = 10.0.40219.1
Project("{FAE04EC0-301F-11D3-BF4B-00C04F79EFBC}") = "GigHub", "GigHub\GigHub.csproj", "{15901365-FEEF-4574-8548-430FAAF36A64}"
EndProject
Project("{2150E333-8FDC-42A3-9474-1A3956D46DE8}") = "Solution Items", "Solution Items", "{4C6BF877-23EE-44F6-84EE-38CD31E8F3E7}"
	ProjectSection(SolutionItems) = preProject
		WebEssentials2015-Settings.json = WebEssentials2015-Settings.json
	EndProjectSection
EndProject
Project("{FAE04EC0-301F-11D3-BF4B-00C04F79EFBC}") = "GigHub.Test", "GigHub.Test\GigHub.Test.csproj", "{70993A5E-2224-479E-8899-6108BE6F6748}"
EndProject
Project("{FAE04EC0-301F-11D3-BF4B-00C04F79EFBC}") = "GigHub.IntegrationTests", "GigHub.IntegrationTests\GigHub.IntegrationTests.csproj", "{57301F96-3039-4435-BA94-B8D81DF69F70}"
EndProject
Global
	GlobalSection(SolutionConfigurationPlatforms) = preSolution
		Debug|Any CPU = Debug|Any CPU
		Release|Any CPU = Release|Any CPU
	EndGlobalSection
	GlobalSection(ProjectConfigurationPlatforms) = postSolution
		{15901365-FEEF-4574-8548-430FAAF36A64}.Debug|Any CPU.ActiveCfg = Debug|Any CPU
		{15901365-FEEF-4574-8548-430FAAF36A64}.Debug|Any CPU.Build.0 = Debug|Any CPU
		{15901365-FEEF-4574-8548-430FAAF36A64}.Release|Any CPU.ActiveCfg = Release|Any CPU
		{15901365-FEEF-4574-8548-430FAAF36A64}.Release|Any CPU.Build.0 = Release|Any CPU
		{70993A5E-2224-479E-8899-6108BE6F6748}.Debug|Any CPU.ActiveCfg = Debug|Any CPU
		{70993A5E-2224-479E-8899-6108BE6F6748}.Debug|Any CPU.Build.0 = Debug|Any CPU
		{70993A5E-2224-479E-8899-6108BE6F6748}.Release|Any CPU.ActiveCfg = Release|Any CPU
		{70993A5E-2224-479E-8899-6108BE6F6748}.Release|Any CPU.Build.0 = Release|Any CPU
		{57301F96-3039-4435-BA94-B8D81DF69F70}.Debug|Any CPU.ActiveCfg = Debug|Any CPU
		{57301F96-3039-4435-BA94-B8D81DF69F70}.Debug|Any CPU.Build.0 = Debug|Any CPU
		{57301F96-3039-4435-BA94-B8D81DF69F70}.Release|Any CPU.ActiveCfg = Release|Any CPU
		{57301F96-3039-4435-BA94-B8D81DF69F70}.Release|Any CPU.Build.0 = Release|Any CPU
	EndGlobalSection
	GlobalSection(SolutionProperties) = preSolution
		HideSolutionNode = FALSE
	EndGlobalSection
EndGlobal
